
Microsoft Visual Studio Solution File, Format Version 12.00
# Visual Studio Version 17
VisualStudioVersion = 17.8.34309.116
MinimumVisualStudioVersion = 10.0.40219.1
Project("{FAE04EC0-301F-11D3-BF4B-00C04F79EFBC}") = "ConsoleAppClient", "ConsoleAppClient.csproj", "{8FDD197C-A4E3-4A0C-85DE-01F1599E3215}"
EndProject
Global
	GlobalSection(SolutionConfigurationPlatforms) = preSolution
		Debug|Any CPU = Debug|Any CPU
		Release|Any CPU = Release|Any CPU
	EndGlobalSection
	GlobalSection(ProjectConfigurationPlatforms) = postSolution
		{8FDD197C-A4E3-4A0C-85DE-01F1599E3215}.Debug|Any CPU.ActiveCfg = Debug|Any CPU
		{8FDD197C-A4E3-4A0C-85DE-01F1599E3215}.Debug|Any CPU.Build.0 = Debug|Any CPU
		{8FDD197C-A4E3-4A0C-85DE-01F1599E3215}.Release|Any CPU.ActiveCfg = Release|Any CPU
		{8FDD197C-A4E3-4A0C-85DE-01F1599E3215}.Release|Any CPU.Build.0 = Release|Any CPU
	EndGlobalSection
	GlobalSection(SolutionProperties) = preSolution
		HideSolutionNode = FALSE
	EndGlobalSection
	GlobalSection(ExtensibilityGlobals) = postSolution
		SolutionGuid = {D5D28B80-3DDF-442C-8A68-E2D1A4CA5ACA}
	EndGlobalSection
EndGlobal
